
Microsoft Visual Studio Solution File, Format Version 12.00
# Visual Studio Version 17
VisualStudioVersion = 17.0.32014.148
MinimumVisualStudioVersion = 10.0.40219.1
Project("{9A19103F-16F7-4668-BE54-9A1E7A4F7556}") = "CreateRsaPublicKey", "CreateRsaPublicKey.csproj", "{BA8FC068-E8C7-44B5-8928-FA03476EC213}"
EndProject
Project("{FAE04EC0-301F-11D3-BF4B-00C04F79EFBC}") = "CreateRsaPrivateKey", "..\CreateRsaPrivateKey\CreateRsaPrivateKey.csproj", "{931A1474-4BF5-404D-AD8F-F3B4FB2C13F7}"
EndProject
Project("{FAE04EC0-301F-11D3-BF4B-00C04F79EFBC}") = "CreateSymmetricKey", "..\CreateSymmetricKey\CreateSymmetricKey.csproj", "{37A75237-00AB-4AEA-9B8E-0CDDCD27665F}"
EndProject
Global
	GlobalSection(SolutionConfigurationPlatforms) = preSolution
		Debug|Any CPU = Debug|Any CPU
		Release|Any CPU = Release|Any CPU
	EndGlobalSection
	GlobalSection(ProjectConfigurationPlatforms) = postSolution
		{BA8FC068-E8C7-44B5-8928-FA03476EC213}.Debug|Any CPU.ActiveCfg = Debug|Any CPU
		{BA8FC068-E8C7-44B5-8928-FA03476EC213}.Debug|Any CPU.Build.0 = Debug|Any CPU
		{BA8FC068-E8C7-44B5-8928-FA03476EC213}.Release|Any CPU.ActiveCfg = Release|Any CPU
		{BA8FC068-E8C7-44B5-8928-FA03476EC213}.Release|Any CPU.Build.0 = Release|Any CPU
		{931A1474-4BF5-404D-AD8F-F3B4FB2C13F7}.Debug|Any CPU.ActiveCfg = Debug|Any CPU
		{931A1474-4BF5-404D-AD8F-F3B4FB2C13F7}.Debug|Any CPU.Build.0 = Debug|Any CPU
		{931A1474-4BF5-404D-AD8F-F3B4FB2C13F7}.Release|Any CPU.ActiveCfg = Release|Any CPU
		{931A1474-4BF5-404D-AD8F-F3B4FB2C13F7}.Release|Any CPU.Build.0 = Release|Any CPU
		{37A75237-00AB-4AEA-9B8E-0CDDCD27665F}.Debug|Any CPU.ActiveCfg = Debug|Any CPU
		{37A75237-00AB-4AEA-9B8E-0CDDCD27665F}.Debug|Any CPU.Build.0 = Debug|Any CPU
		{37A75237-00AB-4AEA-9B8E-0CDDCD27665F}.Release|Any CPU.ActiveCfg = Release|Any CPU
		{37A75237-00AB-4AEA-9B8E-0CDDCD27665F}.Release|Any CPU.Build.0 = Release|Any CPU
	EndGlobalSection
	GlobalSection(SolutionProperties) = preSolution
		HideSolutionNode = FALSE
	EndGlobalSection
	GlobalSection(ExtensibilityGlobals) = postSolution
		SolutionGuid = {691C18DA-01EA-4AA0-BF32-785AF2783169}
	EndGlobalSection
EndGlobal
